
Microsoft Visual Studio Solution File, Format Version 12.00
Project("{FAE04EC0-301F-11D3-BF4B-00C04F79EFBC}") = "Calculator", "Calculator\Calculator.csproj", "{74804674-8C93-4241-9CAF-38B1D2409A85}"
EndProject
Project("{FAE04EC0-301F-11D3-BF4B-00C04F79EFBC}") = "TestProject1", "TestProject1\TestProject1.csproj", "{C9D2BFFD-2B45-49EF-97A6-2DAABE60CDBB}"
EndProject
Global
	GlobalSection(SolutionConfigurationPlatforms) = preSolution
		Debug|Any CPU = Debug|Any CPU
		Release|Any CPU = Release|Any CPU
	EndGlobalSection
	GlobalSection(ProjectConfigurationPlatforms) = postSolution
		{74804674-8C93-4241-9CAF-38B1D2409A85}.Debug|Any CPU.ActiveCfg = Debug|Any CPU
		{74804674-8C93-4241-9CAF-38B1D2409A85}.Debug|Any CPU.Build.0 = Debug|Any CPU
		{74804674-8C93-4241-9CAF-38B1D2409A85}.Release|Any CPU.ActiveCfg = Release|Any CPU
		{74804674-8C93-4241-9CAF-38B1D2409A85}.Release|Any CPU.Build.0 = Release|Any CPU
		{C9D2BFFD-2B45-49EF-97A6-2DAABE60CDBB}.Debug|Any CPU.ActiveCfg = Debug|Any CPU
		{C9D2BFFD-2B45-49EF-97A6-2DAABE60CDBB}.Debug|Any CPU.Build.0 = Debug|Any CPU
		{C9D2BFFD-2B45-49EF-97A6-2DAABE60CDBB}.Release|Any CPU.ActiveCfg = Release|Any CPU
		{C9D2BFFD-2B45-49EF-97A6-2DAABE60CDBB}.Release|Any CPU.Build.0 = Release|Any CPU
	EndGlobalSection
EndGlobal
